{
  "name": "homework-photo-app-backend",
  "version": "1.0.0",
  "lockfileVersion": 3,
  "requires": true,
  "packages": {
    "": {
      "name": "homework-photo-app-backend",
      "version": "1.0.0",
      "dependencies": {
        "express": "^4.18.2",
        "cors": "^2.8.5",
        "dotenv": "^16.0.3",
        "pg": "^8.9.0",
        "multer": "^1.4.5-lts.1",
        "nodemailer": "^6.9.1",
        "jsonwebtoken": "^9.0.0",
        "axios": "^1.3.4",
        "sharp": "^0.33.0"
      }
    },
    "node_modules/accepts": {
      "version": "1.3.8",
      "resolved": "https://registry.npmjs.org/accepts/-/accepts-1.3.8.tgz",
      "integrity": "sha512-PYAthTa2m2VKkIaido712LX3rNSuadKx/12dPvewfNOlKTRaEeiCZpKxah0KZcHycqpxjxwhmrMRHmczstrrQg==",
      "dependencies": {
        "mime-types": "~2.1.34"
      },
      "engines": {
        "node": ">= 0.6"
      }
    },
    "node_modules/array-flatten": {
      "version": "1.1.1",
      "resolved": "https://registry.npmjs.org/array-flatten/-/array-flatten-1.1.1.tgz",
      "integrity": "sha512-PCVAQswWemu6UdxsDFFX/+gVeYqKAod3D3UVm91jHQY0The/C1XnASRBu5xtT6F0DW1/seL0OaXH0IPS1Luw1g=="
    },
    "node_modules/axios": {
      "version": "1.3.4",
      "resolved": "https://registry.npmjs.org/axios/-/axios-1.3.4.tgz",
      "integrity": "sha512-toYm+Bzo7UlnW1V+4dhxWgv263MBcvsUk0BL0zTc+rCTL+NHUUlHVVgrk2gQ7JIKcwRsxvpWQjMEEEB2f7hxFA==",
      "dependencies": {
        "follow-redirects": "^1.15.0",
        "form-data": "^4.0.0",
        "proxy-from-env": "^1.1.0"
      }
    },
    "node_modules/body-parser": {
      "version": "1.20.2",
      "resolved": "https://registry.npmjs.org/body-parser/-/body-parser-1.20.2.tgz",
      "integrity": "sha512-ml9pReCu3M61ksPeB9H0M6MUMklVNrLG0O8sqaxoYiOD8IlFH5SmoAlBAdanPBRY1keuK0p5xZtQkxBPQwIWGw==",
      "dependencies": {
        "bytes": "3.1.2",
        "content-type": "~1.0.4",
        "debug": "2.6.9",
        "depd": "~1.1.2",
        "destroy": "~1.0.4",
        "http-errors": "2.0.0",
        "iconv-lite": "0.4.24",
        "on-finished": "2.4.1",
        "qs": "6.11.0",
        "raw-body": "2.5.2",
        "type-is": "~1.6.18",
        "unpipe": "1.0.0"
      },
      "engines": {
        "node": ">= 0.8",
        "npm": "1.2.8000 || >= 1.4.16"
      }
    },
    "node_modules/bytes": {
      "version": "3.1.2",
      "resolved": "https://registry.npmjs.org/bytes/-/bytes-3.1.2.tgz",
      "integrity": "sha512-/Nf7TyzpQWYDlOqwhFV136ZvMjI+qd9VP17OvupnZWp4Rpxk/3BhI2RmDC00KWE4yL5F01o289K+l1aHMpSd2Q==",
      "engines": {
        "node": ">= 0.8"
      }
    },
    "node_modules/call-bind": {
      "version": "1.0.2",
      "resolved": "https://registry.npmjs.org/call-bind/-/call-bind-1.0.2.tgz",
      "integrity": "sha512-7O+FjgeyAFfNyN7I9e+X+VOP3XjMRsdPF6W0QDvzyu9d7KVJ5OrPnWUuF7ylDxtIE9LBV6i/kXcsO53p4RAnqg==",
      "dependencies": {
        "function-bind": "^1.1.1",
        "get-intrinsic": "^1.1.1"
      },
      "funding": {
        "url": "https://github.com/ljharb/call-bind"
      }
    },
    "node_modules/color": {
      "version": "4.2.3",
      "resolved": "https://registry.npmjs.org/color/-/color-4.2.3.tgz",
      "integrity": "sha512-1rXeuUUiGGrykh+CeBdu5Ie7OJwinCgQY0bc7GCRxy5xVHy+moaqkpL/jqQq0MtQOeYcrqEz4abc5f0KSxSvzw==",
      "dependencies": {
        "color-convert": "^2.0.1",
        "color-string": "^1.9.0"
      },
      "engines": {
        "node": ">=12.5.0"
      }
    },
    "node_modules/color-convert": {
      "version": "2.0.1",
      "resolved": "https://registry.npmjs.org/color-convert/-/color-convert-2.0.1.tgz",
      "integrity": "sha512-RRECPsj7iu/xb5oKYcsFHe5+dBVfohS1hIisPZVCczqa2sz1eCEaAkN02znfAsfA8E3MnZL7QyPon3s4SPtD7A==",
      "dependencies": {
        "color-name": "~1.1.4"
      },
      "engines": {
        "node": ">=7.0.0"
      }
    },
    "node_modules/color-name": {
      "version": "1.1.4",
      "resolved": "https://registry.npmjs.org/color-name/-/color-name-1.1.4.tgz",
      "integrity": "sha512-dOy+3AuW3a2wNbZHIuMZpTcgjGuLU/uBL/ubcZF9OXbDo8ff4O8yVp5Bf0efS8uEoYo5q4Fx7dY9OgQGXgAsQA=="
    },
    "node_modules/color-string": {
      "version": "1.9.1",
      "resolved": "https://registry.npmjs.org/color-string/-/color-string-1.9.1.tgz",
      "integrity": "sha512-shrVawQFojnZv6xM40anB4D4RPvF9gYwcl2QcaI/mwsbcsWMlj2w1U4PJyTZq7EdZN6yUJf6rWDq0Z3DLwQiWA==",
      "dependencies": {
        "color-name": "^1.0.0",
        "simple-swizzle": "^0.2.2"
      }
    },
    "node_modules/content-disposition": {
      "version": "0.5.4",
      "resolved": "https://registry.npmjs.org/content-disposition/-/content-disposition-0.5.4.tgz",
      "integrity": "sha512-FveZTNuGw04cxlAiWbzi6qXgQcQsSshTiefqLzhizVqp19fEQcqfgtS7fanQQDnnCOIcP3snLsznX75aDn/uA==",
      "engines": {
        "node": ">= 0.6"
      }
    },
    "node_modules/content-type": {
      "version": "1.0.5",
      "resolved": "https://registry.npmjs.org/content-type/-/content-type-1.0.5.tgz",
      "integrity": "sha512-nTjqfcBFEipKdXtvB6E0KR2urvVe6n3koeHaR2tdGmjG3Aeambnc7ouRDbRjtij4ad1dy08AwEkaVK9/5aEjMQ==",
      "engines": {
        "node": ">= 0.6"
      }
    },
    "node_modules/cookie": {
      "version": "0.5.0",
      "resolved": "https://registry.npmjs.org/cookie/-/cookie-0.5.0.tgz",
      "integrity": "sha512-YZ3GUyn/o8gfKJlnlX7g7xkiJO3FSohqDqTIiZP6dM2n0fBRvZy8SSttkwMy1Pl9MUrvvubJx7UmpgelkU7ecQ==",
      "engines": {
        "node": ">= 0.6"
      }
    },
    "node_modules/cookie-signature": {
      "version": "1.0.6",
      "resolved": "https://registry.npmjs.org/cookie-signature/-/cookie-signature-1.0.6.tgz",
      "integrity": "sha512-QADzlaHc8icV8I7vbaJXJwod9HWYp8uCqf1xa4OfNu1T7JVxQVlS8EJ9P5lLHVz1Br3c63/JZPtM9y87gAJFQw=="
    },
    "node_modules/cors": {
      "version": "2.8.5",
      "resolved": "https://registry.npmjs.org/cors/-/cors-2.8.5.tgz",
      "integrity": "sha512-KIHbLJqu73RGr/hnbrO9uBxyStnQDVQ16dZ+py6SE8RVVGMg02E64uWj0D8H5MSZNTZb6f6rNvayL712LPNelm==",
      "dependencies": {
        "object-assign": "^4",
        "vary": "^1"
      },
      "engines": {
        "node": ">= 0.10"
      }
    },
    "node_modules/debug": {
      "version": "2.6.9",
      "resolved": "https://registry.npmjs.org/debug/-/debug-2.6.9.tgz",
      "integrity": "sha512-bC7sILetsBXrq6jNnSoR5UfJKwyYwSMCJ5drnoCchNyV9n5nJ6gB2sFA9vm2HUs53iDA1u8p6po4KWqVHvuvNw==",
      "dependencies": {
        "ms": "2.0.0"
      }
    },
    "node_modules/depd": {
      "version": "1.1.2",
      "resolved": "https://registry.npmjs.org/depd/-/depd-1.1.2.tgz",
      "integrity": "sha512-7emPTl6Dpo6JRXcM7tjon8xo5PQtheGD4KWmrlzyQZBstElAM/9KccqQ3RotKiucVtA05Join9dNOM8R1PH+5A==",
      "engines": {
        "node": ">= 0.6"
      }
    },
    "node_modules/destroy": {
      "version": "1.0.4",
      "resolved": "https://registry.npmjs.org/destroy/-/destroy-1.0.4.tgz",
      "integrity": "sha512-3NdhDusSZ4SrLGbCvPnZJi9ZDbo/rrwqV4fbVe+/AdJ37cpUB9nl2k1ZaREwVMePqztxQs42jHgRqWoaUnRAuA=="
    },
    "node_modules/dotenv": {
      "version": "16.0.3",
      "resolved": "https://registry.npmjs.org/dotenv/-/dotenv-16.0.3.tgz",
      "integrity": "sha512-7GO6HghkA5fYG9TYnNxi14/7K9f5occMlp3zXAuSxn7CKCxt9xbNWG7yF8hXrglocV0Pi8g3W7oeEVlQy6LsUw==",
      "engines": {
        "node": ">=12"
      }
    },
    "node_modules/ee-first": {
      "version": "1.1.1",
      "resolved": "https://registry.npmjs.org/ee-first/-/ee-first-1.1.1.tgz",
      "integrity": "sha512-WMwm9LhRikLEJVucVgiOWxD+eeNx7Y5PE8vFrdSPnYvjL0Ai8k7DtSSMom20jsTeQm6V36uPjStL7m95z9XQSw=="
    },
    "node_modules/encodeurl": {
      "version": "1.0.2",
      "resolved": "https://registry.npmjs.org/encodeurl/-/encodeurl-1.0.2.tgz",
      "integrity": "sha512-TPJYc7HA9EfPg2cuTmNWP+0xa2XwWYR/qnIRGsrvCn0MIR2hRQWlotJApLhY6kWSJUn3LjMjW5GVJMwIIkQ/UQ==",
      "engines": {
        "node": ">= 0.8"
      }
    },
    "node_modules/escape-html": {
      "version": "1.0.3",
      "resolved": "https://registry.npmjs.org/escape-html/-/escape-html-1.0.3.tgz",
      "integrity": "sha512-NL9Sb16dQATzCmZKSp8ciVpfkzx249RN2YNwnysH+8AEj3bCC5qWFdb7cByhbnrJoZTAqvsqkJoung3ZNkzyOw=="
    },
    "node_modules/etag": {
      "version": "1.8.1",
      "resolved": "https://registry.npmjs.org/etag/-/etag-1.8.1.tgz",
      "integrity": "sha512-aIL5Xs5UR0UB/0EomYLEXqKyWAQwmbKstntJnxeQfLyL/MqccbLvSrWQE+3/tMkCUKtRRstucynMuawvvfs/Cg==",
      "engines": {
        "node": ">= 0.6"
      }
    },
    "node_modules/express": {
      "version": "4.18.2",
      "resolved": "https://registry.npmjs.org/express/-/express-4.18.2.tgz",
      "integrity": "sha512-5/PsL6iGPdfQ/lKM1UuYUGjsEUFJ3Ma7xqo2p+Kv1nKA7mZZu6/editNW+0u1eFecMIH3qMODUQZjUWAWAkC5w==",
      "dependencies": {
        "accepts": "~1.3.8",
        "array-flatten": "1.1.1",
        "body-parser": "1.20.2",
        "content-disposition": "0.5.4",
        "content-type": "~1.0.4",
        "cookie": "0.5.0",
        "cookie-signature": "1.0.6",
        "debug": "2.6.9",
        "depd": "~1.1.2",
        "encodeurl": "~1.0.2",
        "escape-html": "~1.0.3",
        "etag": "~1.8.1",
        "finalhandler": "1.2.0",
        "fresh": "0.5.2",
        "http-errors": "2.0.0",
        "merge-descriptors": "1.0.1",
        "methods": "~1.1.2",
        "on-finished": "2.4.1",
        "parseurl": "~1.3.3",
        "path-to-regexp": "0.1.7",
        "proxy-addr": "~2.0.7",
        "qs": "6.11.0",
        "range-parser": "~1.2.1",
        "safe-buffer": "5.2.1",
        "send": "0.18.0",
        "serve-static": "1.15.0",
        "setprototypeof": "1.2.0",
        "statuses": "2.0.1",
        "type-is": "~1.6.18",
        "utils-merge": "1.0.1",
        "vary": "~1.1.2"
      },
      "engines": {
        "node": ">= 0.10.0"
      }
    },
    "node_modules/finalhandler": {
      "version": "1.2.0",
      "resolved": "https://registry.npmjs.org/finalhandler/-/finalhandler-1.2.0.tgz",
      "integrity": "sha512-5uIjjPpeVEV8SSw3SI+r+np215jvnt8jvUe6mapAVcbgDA3mAjZuCF2GJH2P0VyX2EuVzaqFS/sxQifHbs+aLQ==",
      "dependencies": {
        "debug": "2.6.9",
        "encodeurl": "~1.0.2",
        "escape-html": "~1.0.3",
        "on-finished": "2.4.1",
        "parseurl": "~1.3.3",
        "statuses": "~2.0.0",
        "unpipe": "~1.0.0"
      },
      "engines": {
        "node": ">= 0.8"
      }
    },
    "node_modules/follow-redirects": {
      "version": "1.15.2",
      "resolved": "https://registry.npmjs.org/follow-redirects/-/follow-redirects-1.15.2.tgz",
      "integrity": "sha512-VQLG33o04KaQ8uYi2diQuJbxUnaHeEP3zgtqQstTJnWY0S5+KvkQPhBkeSNNM5BB0ZUWqE+UF/pr0MstSQsbNQ==",
      "engines": {
        "node": ">=4.0"
      },
      "peerDependencies": {
        "debug": "*"
      },
      "peerDependenciesOptional": true
    },
    "node_modules/form-data": {
      "version": "4.0.0",
      "resolved": "https://registry.npmjs.org/form-data/-/form-data-4.0.0.tgz",
      "integrity": "sha512-ETEklSGi5t0jNnh4XtjwIkNsNUY0Ve9KQIsfzHl6I+uminotcLv3MwQO9aDQP1qNaxXxF7mYVX22iSVO7hnqVQ==",
      "dependencies": {
        "asynckit": "^0.4.0",
        "combined-stream": "^1.0.8",
        "mime-types": "^2.1.12"
      },
      "engines": {
        "node": ">= 6"
      }
    },
    "node_modules/fresh": {
      "version": "0.5.2",
      "resolved": "https://registry.npmjs.org/fresh/-/fresh-0.5.2.tgz",
      "integrity": "sha512-zJ2mQYM18rEFOudeV4GShTGIQ7RbzA7ozbU9QAL48Yuj5AzVDTvtIee5p+aHxz1mUe8NqvrzEoSmnMBCCMwVMQ==",
      "engines": {
        "node": ">= 0.6"
      }
    },
    "node_modules/function-bind": {
      "version": "1.1.1",
      "resolved": "https://registry.npmjs.org/function-bind/-/function-bind-1.1.1.tgz",
      "integrity": "sha512-yIovAzMX49sF8Yl58fSCWJ5svSLuaibPxXQJFLmBObTuCr0Mf1KiPopGM9NiFjiYBCbfaa2Fh6breQ6ANVTI0A=="
    },
    "node_modules/get-intrinsic": {
      "version": "1.2.1",
      "resolved": "https://registry.npmjs.org/get-intrinsic/-/get-intrinsic-1.2.1.tgz",
      "integrity": "sha512-2DcsJt5ujxucPvpCJstNaXJLsDp6fLo0kSqtvap4in1yrz10in8RlsqvV0DjMONmQQmPVJyReVhE5N+1M6p+DA==",
      "dependencies": {
        "function-bind": "^1.1.1",
        "has": "^1.0.3",
        "has-proto": "^1.0.1",
        "has-symbols": "^1.0.3"
      },
      "funding": {
        "url": "https://github.com/ljharb/get-intrinsic"
      }
    },
    "node_modules/has": {
      "version": "1.0.3",
      "resolved": "https://registry.npmjs.org/has/-/has-1.0.3.tgz",
      "integrity": "sha512-f2dvQ0dSS4PR8NzCcbLLydKroSohaHo2tfWP5dTZisV7c1E2z9NqSTf7R2Z8d5K0mwrtsHQ1151k6KeRQm+11g==",
      "dependencies": {
        "function-bind": "^1.1.1"
      },
      "engines": {
        "node": ">= 0.4.0"
      }
    },
    "node_modules/has-proto": {
      "version": "1.0.1",
      "resolved": "https://registry.npmjs.org/has-proto/-/has-proto-1.0.1.tgz",
      "integrity": "sha512-7qE+iP+O+bgF9clE5+UoBewX7YwCsSokPSmpnMUUKMlNijiBJVvN8JsInFRUQcF3rZH+SU518dcnxEJGreqt3g==",
      "engines": {
        "node": ">= 0.4"
      }
    },
    "node_modules/has-symbols": {
      "version": "1.0.3",
      "resolved": "https://registry.npmjs.org/has-symbols/-/has-symbols-1.0.3.tgz",
      "integrity": "sha512-l3LCuF6MgDNwTDKkdqLEg+ZIS8aLCqBxMCzy4c7EfI62sK/B1UVwAJAs8c6ADlDimPAe+8yEbDY7yoyo2g6U5Q==",
      "engines": {
        "node": ">= 0.4"
      }
    },
    "node_modules/http-errors": {
      "version": "2.0.0",
      "resolved": "https://registry.npmjs.org/http-errors/-/http-errors-2.0.0.tgz",
      "integrity": "sha512-FtwxlvfIDKsRsP3OemwXEZcP9R2dJ3qSSLNsEQDvFISKlkFvuNqnogI94hg7t+ht6OSKPjT2xrxvla7DMRCanw==",
      "dependencies": {
        "depd": "~1.1.2",
        "inherits": "2.0.4",
        "setprototypeof": "1.2.0",
        "statuses": "~2.0.1",
        "toidentifier": "1.0.1"
      },
      "engines": {
        "node": ">= 0.8"
      }
    },
    "node_modules/iconv-lite": {
      "version": "0.4.24",
      "resolved": "https://registry.npmjs.org/iconv-lite/-/iconv-lite-0.4.24.tgz",
      "integrity": "sha512-v3MJ3agoNV23p5yreQdrND1ZOYMQ7zBA8MxNP+412qNvAgpVwM3svVvV+8uxLMHt75jO3qAiMLF0XCk2SGcaKA==",
      "dependencies": {
        "safer-buffer": ">= 2.1.2 < 3"
      },
      "engines": {
        "node": ">=0.10.0"
      }
    },
    "node_modules/inherits": {
      "version": "2.0.4",
      "resolved": "https://registry.npmjs.org/inherits/-/inherits-2.0.4.tgz",
      "integrity": "sha512-k/vGaX4/Yla3WzyMsP9q5PJcgmeVrIY0LFLIZeL/DqjF/XIou7ZZe0aQI5uQZZwUvNdWNLMKeSa4qqXaQBGQbQ=="
    },
    "node_modules/is-property": {
      "version": "1.0.2",
      "resolved": "https://registry.npmjs.org/is-property/-/is-property-1.0.2.tgz",
      "integrity": "sha512-Ks8ItwhAiSfbJl2d7MjNzc4f+XAf8Lp3xKbp7+5R4YfEQqudxmvkkE5h6cRpQXLoFjMySnL682V+VS0D60nPFw=="
    },
    "node_modules/jsonwebtoken": {
      "version": "9.0.0",
      "resolved": "https://registry.npmjs.org/jsonwebtoken/-/jsonwebtoken-9.0.0.tgz",
      "integrity": "sha512-VRAdMyQ2ELvzgqL3vvjgI4w7zSK9q+FIJCQhtONiIEH+N1DtMKMIe+DaI8dqohkmbLLmYDIIUrevF+UZCstKVw==",
      "dependencies": {
        "jws": "^3.2.2",
        "lodash.includes": "^4.3.0",
        "lodash.isboolean": "^3.0.3",
        "lodash.isinteger": "^4.0.4",
        "lodash.isnumber": "^3.0.3",
        "lodash.isplainobject": "^4.0.6",
        "lodash.isstring": "^4.0.1",
        "lodash.once": "^4.1.1",
        "ms": "^2.1.1",
        "semver": "^7.3.8"
      },
      "engines": {
        "node": ">=12",
        "npm": ">=6"
      }
    },
    "node_modules/jwa": {
      "version": "1.4.1",
      "resolved": "https://registry.npmjs.org/jwa/-/jwa-1.4.1.tgz",
      "integrity": "sha512-qiLX/xhEEFKUAJ6FiBMbes3w9ATzyk5W7Hvzpa/SLqeSMGe3d1nWEo7dT69OfJAFkUUefKJCK9xRxAQjgAqcA==",
      "dependencies": {
        "buffer-equal-constant-time": "1.0.4",
        "ecdsa": "^0.7.0",
        "safe-buffer": "^5.0.1"
      }
    },
    "node_modules/jws": {
      "version": "3.2.2",
      "resolved": "https://registry.npmjs.org/jws/-/jws-3.2.2.tgz",
      "integrity": "sha512-YHlZCB6lMTllWDtSzprRO6OaO3XEZTtKIjS3F3IF3dcEyniTYZeUur5V6IlrAgI8fb41ec9mgUuvHZw1MdlZOg==",
      "dependencies": {
        "jwa": "^1.4.1",
        "safe-buffer": "^5.0.1"
      }
    },
    "node_modules/lodash.includes": {
      "version": "4.3.0",
      "resolved": "https://registry.npmjs.org/lodash.includes/-/lodash.includes-4.3.0.tgz",
      "integrity": "sha512-W3Bx6mdkRTGtlJISOvVD/lbqjTlPPVP+0evliF+8o8gwg5IiL+KwVoZLQMVEosjgozSQvmS5E4K+T02xJ7eC3Q=="
    },
    "node_modules/lodash.isboolean": {
      "version": "3.0.3",
      "resolved": "https://registry.npmjs.org/lodash.isboolean/-/lodash.isboolean-3.0.3.tgz",
      "integrity": "sha512-Qs7x6IVeCKGT5+WdISeGiCYfGATXW5yZjT2UIWZ3IylICc287C7yO7QIHcSn7mju9nvsNtI1y/FFAVjgJ7DM3Q=="
    },
    "node_modules/lodash.isinteger": {
      "version": "4.0.4",
      "resolved": "https://registry.npmjs.org/lodash.isinteger/-/lodash.isinteger-4.0.4.tgz",
      "integrity": "sha512-DBwtEWN2caHQ9/imiNeEA5ys1zzjBZbUFEVz/Tf0wV4uQkFDQjObL0SSUOSMlLH32dJYfJ+nF+0sVlIFB7QlJQ=="
    },
    "node_modules/lodash.isnumber": {
      "version": "3.0.3",
      "resolved": "https://registry.npmjs.org/lodash.isnumber/-/lodash.isnumber-3.0.3.tgz",
      "integrity": "sha512-QYqzpfwO3/CWf3XP+Z+tkQsfaJjKtkUAuNO+ojYv5coDL7VHcbkbp5xC9q+B8BzYZmE5B4zUJRrEvnRlXsoHHg=="
    },
    "node_modules/lodash.isplainobject": {
      "version": "4.0.6",
      "resolved": "https://registry.npmjs.org/lodash.isplainobject/-/lodash.isplainobject-4.0.6.tgz",
      "integrity": "sha512-oSXzaWypCMUfQ6475bNq7hJVCTi5bTjE8AcDiMO1g8Ced6Z6D4Jq/Cc7CFDsS3+Pc/EZeKJ+SlLKuJ/RO7mbQ=="
    },
    "node_modules/lodash.isstring": {
      "version": "4.0.1",
      "resolved": "https://registry.npmjs.org/lodash.isstring/-/lodash.isstring-4.0.1.tgz",
      "integrity": "sha512-0wJxfxH5wNPWLCn1UJL0flJsXrOzT80LaDjlIJ6LpNVOjcJiEg+sCGfCW6/oWY87i/CAP7paLYyT5GCPF8O/3A=="
    },
    "node_modules/lodash.once": {
      "version": "4.1.1",
      "resolved": "https://registry.npmjs.org/lodash.once/-/lodash.once-4.1.1.tgz",
      "integrity": "sha512-Sb487aTOCr9beHg6RYOKCsFxJ5gk4sapoV25RB9+Kkmd5HSPPTmnNeP8jCovZNvmjEjOtqsSyRxPD8spLFAVXQ=="
    },
    "node_modules/media-typer": {
      "version": "0.3.0",
      "resolved": "https://registry.npmjs.org/media-typer/-/media-typer-0.3.0.tgz",
      "integrity": "sha512-dq+qelQ9akHpcOl/gUVrTZapdoJ45TNQh4sZsQ3jUGbYMWYdT1iT2L7fLoo0qWIaG6t2kwaIV5BggZENX3P32g==",
      "engines": {
        "node": ">= 0.6"
      }
    },
    "node_modules/merge-descriptors": {
      "version": "1.0.1",
      "resolved": "https://registry.npmjs.org/merge-descriptors/-/merge-descriptors-1.0.1.tgz",
      "integrity": "sha512-cCi6g3/Zr1iqQi6ySbseM1Xvooa98N0w31jzUYrXPX2xENqLAKdQKTc2073rrYv/FLcbkrmVtvejMc6aDsKaSQ=="
    },
    "node_modules/methods": {
      "version": "1.1.2",
      "resolved": "https://registry.npmjs.org/methods/-/methods-1.1.2.tgz",
      "integrity": "sha512-iclmx0IEfI3wp70cqkstx/NJvNchwDJr34IcZZvCP0EYh9xuRB+nonc2IPZyJ7CV8lcjHxQxRiWuc0mcrfmxKw==",
      "engines": {
        "node": ">= 0.6"
      }
    },
    "node_modules/mime": {
      "version": "1.6.0",
      "resolved": "https://registry.npmjs.org/mime/-/mime-1.6.0.tgz",
      "integrity": "sha512-x0Vn8spI+wuJ1O6S7gnbaQg8Pxh4NNHb7KSRAZo7R+ebF0vnCAIZAVUlZiv4I6CQvDag+rvvEUgakwQpr3RiQA==",
      "bin": {
        "mime": "cli.js"
      },
      "engines": {
        "node": ">= 0.6"
      }
    },
    
